// !$*UTF8*$!
{
	archiveVersion = 1;
	classes = {
	};
	objectVersion = 46;
	objects = {

/* Begin PBXBuildFile section */
		A7054EC61EA82D7700BBC34E /* Foundation.framework in Frameworks */ = {isa = PBXBuildFile; fileRef = A7054EC51EA82D7700BBC34E /* Foundation.framework */; };
		A70814351F01B54600A8AE92 /* A DAY WITHOUT SUN.otf in Resources */ = {isa = PBXBuildFile; fileRef = A70814321F01B54600A8AE92 /* A DAY WITHOUT SUN.otf */; };
		A70814391F01C46400A8AE92 /* plus.png in Resources */ = {isa = PBXBuildFile; fileRef = A70814381F01C46400A8AE92 /* plus.png */; };
		A713F50A1F2F2DA700742D1C /* rectWhite.png in Resources */ = {isa = PBXBuildFile; fileRef = A713F5091F2F2DA700742D1C /* rectWhite.png */; };
		A713F50C1F2F2E1200742D1C /* UIScrollView+SnapToCell.swift in Sources */ = {isa = PBXBuildFile; fileRef = A713F50B1F2F2E1200742D1C /* UIScrollView+SnapToCell.swift */; };
		A713F50E1F2F65A900742D1C /* SCFaderDelegate.swift in Sources */ = {isa = PBXBuildFile; fileRef = A713F50D1F2F65A900742D1C /* SCFaderDelegate.swift */; };
		A71414FA1EA82B3B00BE9718 /* AVFoundation.framework in Frameworks */ = {isa = PBXBuildFile; fileRef = A71414F91EA82B3B00BE9718 /* AVFoundation.framework */; };
		A71414FC1EA82B4300BE9718 /* CoreGraphics.framework in Frameworks */ = {isa = PBXBuildFile; fileRef = A71414FB1EA82B4300BE9718 /* CoreGraphics.framework */; };
		A71414FF1EA82B5000BE9718 /* CoreAudio.framework in Frameworks */ = {isa = PBXBuildFile; fileRef = A71414FD1EA82B5000BE9718 /* CoreAudio.framework */; settings = {ATTRIBUTES = (Required, ); }; };
		A71415001EA82B5000BE9718 /* CoreAudioKit.framework in Frameworks */ = {isa = PBXBuildFile; fileRef = A71414FE1EA82B5000BE9718 /* CoreAudioKit.framework */; settings = {ATTRIBUTES = (Required, ); }; };
		A7264E7D1EAE619800664EDE /* SCAnimator.swift in Sources */ = {isa = PBXBuildFile; fileRef = A7264E7C1EAE619800664EDE /* SCAnimator.swift */; };
		A7264E811EAEECD700664EDE /* SCUser.swift in Sources */ = {isa = PBXBuildFile; fileRef = A7264E801EAEECD700664EDE /* SCUser.swift */; };
		A7404BCD1F290884004BC4E1 /* SCMixerPanelCell.swift in Sources */ = {isa = PBXBuildFile; fileRef = A7404BCC1F290884004BC4E1 /* SCMixerPanelCell.swift */; };
		A7404BD11F290AA5004BC4E1 /* SCColor.swift in Sources */ = {isa = PBXBuildFile; fileRef = A7404BD01F290AA5004BC4E1 /* SCColor.swift */; };
		A74541831F310C3E007A89B7 /* sampleBank.png in Resources */ = {isa = PBXBuildFile; fileRef = A74541821F310C3E007A89B7 /* sampleBank.png */; };
		A74541851F310E02007A89B7 /* lp.png in Resources */ = {isa = PBXBuildFile; fileRef = A74541841F310E02007A89B7 /* lp.png */; };
		A74541871F310E0E007A89B7 /* mic.png in Resources */ = {isa = PBXBuildFile; fileRef = A74541861F310E0E007A89B7 /* mic.png */; };
		A74541891F311054007A89B7 /* back.png in Resources */ = {isa = PBXBuildFile; fileRef = A74541881F311054007A89B7 /* back.png */; };
		A745418B1F311101007A89B7 /* playlist.png in Resources */ = {isa = PBXBuildFile; fileRef = A745418A1F311101007A89B7 /* playlist.png */; };
		A745418D1F31115A007A89B7 /* record.png in Resources */ = {isa = PBXBuildFile; fileRef = A745418C1F31115A007A89B7 /* record.png */; };
		A745418F1F311229007A89B7 /* plus1.png in Resources */ = {isa = PBXBuildFile; fileRef = A745418E1F311229007A89B7 /* plus1.png */; };
		A74541911F3112C3007A89B7 /* lp1.png in Resources */ = {isa = PBXBuildFile; fileRef = A74541901F3112C3007A89B7 /* lp1.png */; };
		A74541931F3114E8007A89B7 /* SCLibraryViewController.swift in Sources */ = {isa = PBXBuildFile; fileRef = A74541921F3114E8007A89B7 /* SCLibraryViewController.swift */; };
		A74541961F31153E007A89B7 /* SCLibraryCell.swift in Sources */ = {isa = PBXBuildFile; fileRef = A74541951F31153E007A89B7 /* SCLibraryCell.swift */; };
		A74B368E1F3105D7000E8DEA /* play.png in Resources */ = {isa = PBXBuildFile; fileRef = A74B368D1F3105D7000E8DEA /* play.png */; };
		A75D4EBC1F25BFF300C304D8 /* SCSequencerSettings.swift in Sources */ = {isa = PBXBuildFile; fileRef = A75D4EBB1F25BFF300C304D8 /* SCSequencerSettings.swift */; };
		A76A886B1EB0445200FEDED0 /* SCDataManager.swift in Sources */ = {isa = PBXBuildFile; fileRef = A76A886A1EB0445200FEDED0 /* SCDataManager.swift */; };
		A78250E11EE13B7E00350768 /* SCAudioEngine.swift in Sources */ = {isa = PBXBuildFile; fileRef = A78250E01EE13B7E00350768 /* SCAudioEngine.swift */; };
		A78250E31EE601BA00350768 /* SCEffectControl.swift in Sources */ = {isa = PBXBuildFile; fileRef = A78250E21EE601BA00350768 /* SCEffectControl.swift */; };
		A78A9BD01EABA919007117DD /* QuartzCore.framework in Frameworks */ = {isa = PBXBuildFile; fileRef = A78A9BCF1EABA919007117DD /* QuartzCore.framework */; };
		A78C12951F2DAAE500682750 /* SCCircularView.swift in Sources */ = {isa = PBXBuildFile; fileRef = A78C12941F2DAAE500682750 /* SCCircularView.swift */; };
		A79160FD1F1EA2B50051113C /* Quicksand SIL OFL License 1.1.txt in Resources */ = {isa = PBXBuildFile; fileRef = A79160F41F1EA2B50051113C /* Quicksand SIL OFL License 1.1.txt */; };
		A79160FE1F1EA2B50051113C /* Quicksand_Bold.otf in Resources */ = {isa = PBXBuildFile; fileRef = A79160F51F1EA2B50051113C /* Quicksand_Bold.otf */; };
		A79160FF1F1EA2B50051113C /* Quicksand_Bold_Oblique.otf in Resources */ = {isa = PBXBuildFile; fileRef = A79160F61F1EA2B50051113C /* Quicksand_Bold_Oblique.otf */; };
		A79161001F1EA2B50051113C /* Quicksand_Book.otf in Resources */ = {isa = PBXBuildFile; fileRef = A79160F71F1EA2B50051113C /* Quicksand_Book.otf */; };
		A79161011F1EA2B50051113C /* Quicksand_Book_Oblique.otf in Resources */ = {isa = PBXBuildFile; fileRef = A79160F81F1EA2B50051113C /* Quicksand_Book_Oblique.otf */; };
		A79161021F1EA2B50051113C /* Quicksand_Dash.otf in Resources */ = {isa = PBXBuildFile; fileRef = A79160F91F1EA2B50051113C /* Quicksand_Dash.otf */; };
		A79161031F1EA2B50051113C /* Quicksand_Light.otf in Resources */ = {isa = PBXBuildFile; fileRef = A79160FA1F1EA2B50051113C /* Quicksand_Light.otf */; };
		A79161041F1EA2B50051113C /* Quicksand_Light_Oblique.otf in Resources */ = {isa = PBXBuildFile; fileRef = A79160FB1F1EA2B50051113C /* Quicksand_Light_Oblique.otf */; };
		A79161051F1EA2B50051113C /* SPECIMENPOSTER_4967.jpg in Resources */ = {isa = PBXBuildFile; fileRef = A79160FC1F1EA2B50051113C /* SPECIMENPOSTER_4967.jpg */; };
		A79161071F1EA7FD0051113C /* SCContainerViewController.swift in Sources */ = {isa = PBXBuildFile; fileRef = A79161061F1EA7FD0051113C /* SCContainerViewController.swift */; };
		A791610A1F1EA86B0051113C /* SCFirstContainerCell.swift in Sources */ = {isa = PBXBuildFile; fileRef = A79161091F1EA86B0051113C /* SCFirstContainerCell.swift */; };
		A791610C1F1EA8880051113C /* SCSecondContainerCell.swift in Sources */ = {isa = PBXBuildFile; fileRef = A791610B1F1EA8880051113C /* SCSecondContainerCell.swift */; };
		A79170CC1F2D211F00B38D16 /* stars.jpg in Resources */ = {isa = PBXBuildFile; fileRef = A79170CB1F2D211F00B38D16 /* stars.jpg */; };
		A79727CD1EADA35200BBD45F /* SCSampleBankFlowLayout.swift in Sources */ = {isa = PBXBuildFile; fileRef = A79727CC1EADA35200BBD45F /* SCSampleBankFlowLayout.swift */; };
		A79727D01EADA46E00BBD45F /* SCSampleBankCell.swift in Sources */ = {isa = PBXBuildFile; fileRef = A79727CE1EADA46E00BBD45F /* SCSampleBankCell.swift */; };
		A79F5C8A1F1551CE00A89492 /* spinner.png in Resources */ = {isa = PBXBuildFile; fileRef = A79F5C891F1551CE00A89492 /* spinner.png */; };
		A7A21CB31EFAEFF400161DF3 /* UIButton+Custom.swift in Sources */ = {isa = PBXBuildFile; fileRef = A7A21CB21EFAEFF300161DF3 /* UIButton+Custom.swift */; };
		A7A822F81EA81BEC0061D0A0 /* AppDelegate.swift in Sources */ = {isa = PBXBuildFile; fileRef = A7A822F71EA81BEC0061D0A0 /* AppDelegate.swift */; };
		A7A822FD1EA81BEC0061D0A0 /* Main.storyboard in Resources */ = {isa = PBXBuildFile; fileRef = A7A822FB1EA81BEC0061D0A0 /* Main.storyboard */; };
		A7A823021EA81BEC0061D0A0 /* Assets.xcassets in Resources */ = {isa = PBXBuildFile; fileRef = A7A823011EA81BEC0061D0A0 /* Assets.xcassets */; };
		A7A823051EA81BEC0061D0A0 /* LaunchScreen.storyboard in Resources */ = {isa = PBXBuildFile; fileRef = A7A823031EA81BEC0061D0A0 /* LaunchScreen.storyboard */; };
		A7A823101EA81BEC0061D0A0 /* SoundCollageTests.swift in Sources */ = {isa = PBXBuildFile; fileRef = A7A8230F1EA81BEC0061D0A0 /* SoundCollageTests.swift */; };
		A7A8231B1EA81BEC0061D0A0 /* SoundCollageUITests.swift in Sources */ = {isa = PBXBuildFile; fileRef = A7A8231A1EA81BEC0061D0A0 /* SoundCollageUITests.swift */; };
		A7A8232F1EA81D280061D0A0 /* AlertManager.swift in Sources */ = {isa = PBXBuildFile; fileRef = A7A8232E1EA81D280061D0A0 /* AlertManager.swift */; };
		A7A823311EA81D300061D0A0 /* SCAudioManager.swift in Sources */ = {isa = PBXBuildFile; fileRef = A7A823301EA81D300061D0A0 /* SCAudioManager.swift */; };
		A7A8233E1EA81F500061D0A0 /* SCSamplerCollectionViewCell.swift in Sources */ = {isa = PBXBuildFile; fileRef = A7A823371EA81F500061D0A0 /* SCSamplerCollectionViewCell.swift */; };
		A7A8233F1EA81F500061D0A0 /* SCSamplerFlowLayout.swift in Sources */ = {isa = PBXBuildFile; fileRef = A7A823381EA81F500061D0A0 /* SCSamplerFlowLayout.swift */; };
		A7A823401EA81F500061D0A0 /* SCSamplerViewController.swift in Sources */ = {isa = PBXBuildFile; fileRef = A7A823391EA81F500061D0A0 /* SCSamplerViewController.swift */; };
		A7A823431EA81F6C0061D0A0 /* SCSampleBankViewController.swift in Sources */ = {isa = PBXBuildFile; fileRef = A7A823411EA81F6C0061D0A0 /* SCSampleBankViewController.swift */; };
		A7A823441EA81F6C0061D0A0 /* SCStackView.swift in Sources */ = {isa = PBXBuildFile; fileRef = A7A823421EA81F6C0061D0A0 /* SCStackView.swift */; };
		A7BD6AB11F140CE9000CDF9A /* SCScoreViewController.swift in Sources */ = {isa = PBXBuildFile; fileRef = A7BD6AB01F140CE9000CDF9A /* SCScoreViewController.swift */; };
		A7BD6AB41F140D85000CDF9A /* SCScoreCell.swift in Sources */ = {isa = PBXBuildFile; fileRef = A7BD6AB31F140D85000CDF9A /* SCScoreCell.swift */; };
		A7BD6AB61F141E4D000CDF9A /* SCSequencerCell.swift in Sources */ = {isa = PBXBuildFile; fileRef = A7BD6AB51F141E4D000CDF9A /* SCSequencerCell.swift */; };
		A7BD6AB81F14305B000CDF9A /* SCTriggerCell.swift in Sources */ = {isa = PBXBuildFile; fileRef = A7BD6AB71F14305B000CDF9A /* SCTriggerCell.swift */; };
		A7BFEE2B1EBA16DB00C718E7 /* UIView+GradientColor.swift in Sources */ = {isa = PBXBuildFile; fileRef = A7BFEE2A1EBA16DB00C718E7 /* UIView+GradientColor.swift */; };
		A7D7CDC01F27BDD9000EE8DA /* SCMixerViewController.swift in Sources */ = {isa = PBXBuildFile; fileRef = A7D7CDBF1F27BDD9000EE8DA /* SCMixerViewController.swift */; };
		A7D7CDC71F27E115000EE8DA /* SCSlider.swift in Sources */ = {isa = PBXBuildFile; fileRef = A7D7CDC61F27E115000EE8DA /* SCSlider.swift */; };
		A7D7CDCB1F283366000EE8DA /* ts.png in Resources */ = {isa = PBXBuildFile; fileRef = A7D7CDCA1F283366000EE8DA /* ts.png */; };
		A7D7CDCF1F28368A000EE8DA /* met.png in Resources */ = {isa = PBXBuildFile; fileRef = A7D7CDCE1F28368A000EE8DA /* met.png */; };
		A7DC3AA11F21376C006354A5 /* SCMusicInterfaceCell.swift in Sources */ = {isa = PBXBuildFile; fileRef = A7DC3AA01F21376C006354A5 /* SCMusicInterfaceCell.swift */; };
		A7E117D11F278C8300041400 /* rectPink.png in Resources */ = {isa = PBXBuildFile; fileRef = A7E117D01F278C8300041400 /* rectPink.png */; };
		A7E117D31F278DE800041400 /* UIImage+Custom.swift in Sources */ = {isa = PBXBuildFile; fileRef = A7E117D21F278DE800041400 /* UIImage+Custom.swift */; };
		A7F8E51D1EA8566D003B0747 /* SCSampleBank.swift in Sources */ = {isa = PBXBuildFile; fileRef = A7F8E51C1EA8566D003B0747 /* SCSampleBank.swift */; };
		D12EE6F44C0DB1631E344924 /* Pods_SoundCollage.framework in Frameworks */ = {isa = PBXBuildFile; fileRef = 31824778C2A9DAF6427BA297 /* Pods_SoundCollage.framework */; };
/* End PBXBuildFile section */

/* Begin PBXContainerItemProxy section */
		A7A8230C1EA81BEC0061D0A0 /* PBXContainerItemProxy */ = {
			isa = PBXContainerItemProxy;
			containerPortal = A7A822EC1EA81BEC0061D0A0 /* Project object */;
			proxyType = 1;
			remoteGlobalIDString = A7A822F31EA81BEC0061D0A0;
			remoteInfo = SoundCollage;
		};
		A7A823171EA81BEC0061D0A0 /* PBXContainerItemProxy */ = {
			isa = PBXContainerItemProxy;
			containerPortal = A7A822EC1EA81BEC0061D0A0 /* Project object */;
			proxyType = 1;
			remoteGlobalIDString = A7A822F31EA81BEC0061D0A0;
			remoteInfo = SoundCollage;
		};
/* End PBXContainerItemProxy section */

/* Begin PBXCopyFilesBuildPhase section */
		A70418E51EA86B1800006871 /* Embed Frameworks */ = {
			isa = PBXCopyFilesBuildPhase;
			buildActionMask = 2147483647;
			dstPath = "";
			dstSubfolderSpec = 10;
			files = (
			);
			name = "Embed Frameworks";
			runOnlyForDeploymentPostprocessing = 0;
		};
/* End PBXCopyFilesBuildPhase section */

/* Begin PBXFileReference section */
		31824778C2A9DAF6427BA297 /* Pods_SoundCollage.framework */ = {isa = PBXFileReference; explicitFileType = wrapper.framework; includeInIndex = 0; path = Pods_SoundCollage.framework; sourceTree = BUILT_PRODUCTS_DIR; };
		75D104676F45F32E670413F6 /* Pods-SoundCollage.debug.xcconfig */ = {isa = PBXFileReference; includeInIndex = 1; lastKnownFileType = text.xcconfig; name = "Pods-SoundCollage.debug.xcconfig"; path = "Pods/Target Support Files/Pods-SoundCollage/Pods-SoundCollage.debug.xcconfig"; sourceTree = "<group>"; };
		9BEF22D19B1F94FC5200561F /* Pods-SoundCollage.release.xcconfig */ = {isa = PBXFileReference; includeInIndex = 1; lastKnownFileType = text.xcconfig; name = "Pods-SoundCollage.release.xcconfig"; path = "Pods/Target Support Files/Pods-SoundCollage/Pods-SoundCollage.release.xcconfig"; sourceTree = "<group>"; };
		A7054EC51EA82D7700BBC34E /* Foundation.framework */ = {isa = PBXFileReference; lastKnownFileType = wrapper.framework; name = Foundation.framework; path = System/Library/Frameworks/Foundation.framework; sourceTree = SDKROOT; };
		A70814321F01B54600A8AE92 /* A DAY WITHOUT SUN.otf */ = {isa = PBXFileReference; lastKnownFileType = file; path = "A DAY WITHOUT SUN.otf"; sourceTree = "<group>"; };
		A70814381F01C46400A8AE92 /* plus.png */ = {isa = PBXFileReference; lastKnownFileType = image.png; path = plus.png; sourceTree = "<group>"; };
		A713F5091F2F2DA700742D1C /* rectWhite.png */ = {isa = PBXFileReference; lastKnownFileType = image.png; path = rectWhite.png; sourceTree = "<group>"; };
		A713F50B1F2F2E1200742D1C /* UIScrollView+SnapToCell.swift */ = {isa = PBXFileReference; fileEncoding = 4; lastKnownFileType = sourcecode.swift; path = "UIScrollView+SnapToCell.swift"; sourceTree = "<group>"; };
		A713F50D1F2F65A900742D1C /* SCFaderDelegate.swift */ = {isa = PBXFileReference; fileEncoding = 4; lastKnownFileType = sourcecode.swift; path = SCFaderDelegate.swift; sourceTree = "<group>"; };
		A71414F91EA82B3B00BE9718 /* AVFoundation.framework */ = {isa = PBXFileReference; lastKnownFileType = wrapper.framework; name = AVFoundation.framework; path = System/Library/Frameworks/AVFoundation.framework; sourceTree = SDKROOT; };
		A71414FB1EA82B4300BE9718 /* CoreGraphics.framework */ = {isa = PBXFileReference; lastKnownFileType = wrapper.framework; name = CoreGraphics.framework; path = System/Library/Frameworks/CoreGraphics.framework; sourceTree = SDKROOT; };
		A71414FD1EA82B5000BE9718 /* CoreAudio.framework */ = {isa = PBXFileReference; lastKnownFileType = wrapper.framework; name = CoreAudio.framework; path = System/Library/Frameworks/CoreAudio.framework; sourceTree = SDKROOT; };
		A71414FE1EA82B5000BE9718 /* CoreAudioKit.framework */ = {isa = PBXFileReference; lastKnownFileType = wrapper.framework; name = CoreAudioKit.framework; path = System/Library/Frameworks/CoreAudioKit.framework; sourceTree = SDKROOT; };
		A7264E7C1EAE619800664EDE /* SCAnimator.swift */ = {isa = PBXFileReference; fileEncoding = 4; lastKnownFileType = sourcecode.swift; path = SCAnimator.swift; sourceTree = "<group>"; };
		A7264E801EAEECD700664EDE /* SCUser.swift */ = {isa = PBXFileReference; fileEncoding = 4; lastKnownFileType = sourcecode.swift; path = SCUser.swift; sourceTree = "<group>"; };
		A7404BCC1F290884004BC4E1 /* SCMixerPanelCell.swift */ = {isa = PBXFileReference; fileEncoding = 4; lastKnownFileType = sourcecode.swift; path = SCMixerPanelCell.swift; sourceTree = "<group>"; };
		A7404BD01F290AA5004BC4E1 /* SCColor.swift */ = {isa = PBXFileReference; fileEncoding = 4; lastKnownFileType = sourcecode.swift; path = SCColor.swift; sourceTree = "<group>"; };
		A74541821F310C3E007A89B7 /* sampleBank.png */ = {isa = PBXFileReference; lastKnownFileType = image.png; path = sampleBank.png; sourceTree = "<group>"; };
		A74541841F310E02007A89B7 /* lp.png */ = {isa = PBXFileReference; lastKnownFileType = image.png; path = lp.png; sourceTree = "<group>"; };
		A74541861F310E0E007A89B7 /* mic.png */ = {isa = PBXFileReference; lastKnownFileType = image.png; path = mic.png; sourceTree = "<group>"; };
		A74541881F311054007A89B7 /* back.png */ = {isa = PBXFileReference; lastKnownFileType = image.png; path = back.png; sourceTree = "<group>"; };
		A745418A1F311101007A89B7 /* playlist.png */ = {isa = PBXFileReference; lastKnownFileType = image.png; path = playlist.png; sourceTree = "<group>"; };
		A745418C1F31115A007A89B7 /* record.png */ = {isa = PBXFileReference; lastKnownFileType = image.png; path = record.png; sourceTree = "<group>"; };
		A745418E1F311229007A89B7 /* plus1.png */ = {isa = PBXFileReference; lastKnownFileType = image.png; path = plus1.png; sourceTree = "<group>"; };
		A74541901F3112C3007A89B7 /* lp1.png */ = {isa = PBXFileReference; lastKnownFileType = image.png; path = lp1.png; sourceTree = "<group>"; };
		A74541921F3114E8007A89B7 /* SCLibraryViewController.swift */ = {isa = PBXFileReference; fileEncoding = 4; lastKnownFileType = sourcecode.swift; path = SCLibraryViewController.swift; sourceTree = "<group>"; };
		A74541951F31153E007A89B7 /* SCLibraryCell.swift */ = {isa = PBXFileReference; fileEncoding = 4; lastKnownFileType = sourcecode.swift; path = SCLibraryCell.swift; sourceTree = "<group>"; };
		A74B368D1F3105D7000E8DEA /* play.png */ = {isa = PBXFileReference; lastKnownFileType = image.png; path = play.png; sourceTree = "<group>"; };
		A75D4EBB1F25BFF300C304D8 /* SCSequencerSettings.swift */ = {isa = PBXFileReference; fileEncoding = 4; lastKnownFileType = sourcecode.swift; path = SCSequencerSettings.swift; sourceTree = "<group>"; };
		A76A886A1EB0445200FEDED0 /* SCDataManager.swift */ = {isa = PBXFileReference; fileEncoding = 4; lastKnownFileType = sourcecode.swift; path = SCDataManager.swift; sourceTree = "<group>"; };
		A780F0FA1EAF939D00BB5359 /* SoundCollage-Bridging-Header.h */ = {isa = PBXFileReference; lastKnownFileType = sourcecode.c.h; path = "SoundCollage-Bridging-Header.h"; sourceTree = "<group>"; };
		A78250E01EE13B7E00350768 /* SCAudioEngine.swift */ = {isa = PBXFileReference; fileEncoding = 4; lastKnownFileType = sourcecode.swift; path = SCAudioEngine.swift; sourceTree = "<group>"; };
		A78250E21EE601BA00350768 /* SCEffectControl.swift */ = {isa = PBXFileReference; fileEncoding = 4; lastKnownFileType = sourcecode.swift; path = SCEffectControl.swift; sourceTree = "<group>"; };
		A78A9BCF1EABA919007117DD /* QuartzCore.framework */ = {isa = PBXFileReference; lastKnownFileType = wrapper.framework; name = QuartzCore.framework; path = System/Library/Frameworks/QuartzCore.framework; sourceTree = SDKROOT; };
		A78C12941F2DAAE500682750 /* SCCircularView.swift */ = {isa = PBXFileReference; fileEncoding = 4; lastKnownFileType = sourcecode.swift; path = SCCircularView.swift; sourceTree = "<group>"; };
		A79160F41F1EA2B50051113C /* Quicksand SIL OFL License 1.1.txt */ = {isa = PBXFileReference; fileEncoding = 4; lastKnownFileType = text; path = "Quicksand SIL OFL License 1.1.txt"; sourceTree = "<group>"; };
		A79160F51F1EA2B50051113C /* Quicksand_Bold.otf */ = {isa = PBXFileReference; lastKnownFileType = file; path = Quicksand_Bold.otf; sourceTree = "<group>"; };
		A79160F61F1EA2B50051113C /* Quicksand_Bold_Oblique.otf */ = {isa = PBXFileReference; lastKnownFileType = file; path = Quicksand_Bold_Oblique.otf; sourceTree = "<group>"; };
		A79160F71F1EA2B50051113C /* Quicksand_Book.otf */ = {isa = PBXFileReference; lastKnownFileType = file; path = Quicksand_Book.otf; sourceTree = "<group>"; };
		A79160F81F1EA2B50051113C /* Quicksand_Book_Oblique.otf */ = {isa = PBXFileReference; lastKnownFileType = file; path = Quicksand_Book_Oblique.otf; sourceTree = "<group>"; };
		A79160F91F1EA2B50051113C /* Quicksand_Dash.otf */ = {isa = PBXFileReference; lastKnownFileType = file; path = Quicksand_Dash.otf; sourceTree = "<group>"; };
		A79160FA1F1EA2B50051113C /* Quicksand_Light.otf */ = {isa = PBXFileReference; lastKnownFileType = file; path = Quicksand_Light.otf; sourceTree = "<group>"; };
		A79160FB1F1EA2B50051113C /* Quicksand_Light_Oblique.otf */ = {isa = PBXFileReference; lastKnownFileType = file; path = Quicksand_Light_Oblique.otf; sourceTree = "<group>"; };
		A79160FC1F1EA2B50051113C /* SPECIMENPOSTER_4967.jpg */ = {isa = PBXFileReference; lastKnownFileType = image.jpeg; path = SPECIMENPOSTER_4967.jpg; sourceTree = "<group>"; };
		A79161061F1EA7FD0051113C /* SCContainerViewController.swift */ = {isa = PBXFileReference; fileEncoding = 4; lastKnownFileType = sourcecode.swift; path = SCContainerViewController.swift; sourceTree = "<group>"; };
		A79161091F1EA86B0051113C /* SCFirstContainerCell.swift */ = {isa = PBXFileReference; fileEncoding = 4; lastKnownFileType = sourcecode.swift; path = SCFirstContainerCell.swift; sourceTree = "<group>"; };
		A791610B1F1EA8880051113C /* SCSecondContainerCell.swift */ = {isa = PBXFileReference; fileEncoding = 4; lastKnownFileType = sourcecode.swift; path = SCSecondContainerCell.swift; sourceTree = "<group>"; };
		A79170CB1F2D211F00B38D16 /* stars.jpg */ = {isa = PBXFileReference; lastKnownFileType = image.jpeg; path = stars.jpg; sourceTree = "<group>"; };
		A79727CC1EADA35200BBD45F /* SCSampleBankFlowLayout.swift */ = {isa = PBXFileReference; fileEncoding = 4; lastKnownFileType = sourcecode.swift; path = SCSampleBankFlowLayout.swift; sourceTree = "<group>"; };
		A79727CE1EADA46E00BBD45F /* SCSampleBankCell.swift */ = {isa = PBXFileReference; fileEncoding = 4; lastKnownFileType = sourcecode.swift; path = SCSampleBankCell.swift; sourceTree = "<group>"; };
		A79F5C891F1551CE00A89492 /* spinner.png */ = {isa = PBXFileReference; lastKnownFileType = image.png; path = spinner.png; sourceTree = "<group>"; };
		A7A21CB21EFAEFF300161DF3 /* UIButton+Custom.swift */ = {isa = PBXFileReference; fileEncoding = 4; lastKnownFileType = sourcecode.swift; path = "UIButton+Custom.swift"; sourceTree = "<group>"; };
		A7A822F41EA81BEC0061D0A0 /* SoundCollage.app */ = {isa = PBXFileReference; explicitFileType = wrapper.application; includeInIndex = 0; path = SoundCollage.app; sourceTree = BUILT_PRODUCTS_DIR; };
		A7A822F71EA81BEC0061D0A0 /* AppDelegate.swift */ = {isa = PBXFileReference; lastKnownFileType = sourcecode.swift; path = AppDelegate.swift; sourceTree = "<group>"; };
		A7A822FC1EA81BEC0061D0A0 /* Base */ = {isa = PBXFileReference; lastKnownFileType = file.storyboard; name = Base; path = Base.lproj/Main.storyboard; sourceTree = "<group>"; };
		A7A823011EA81BEC0061D0A0 /* Assets.xcassets */ = {isa = PBXFileReference; lastKnownFileType = folder.assetcatalog; path = Assets.xcassets; sourceTree = "<group>"; };
		A7A823041EA81BEC0061D0A0 /* Base */ = {isa = PBXFileReference; lastKnownFileType = file.storyboard; name = Base; path = Base.lproj/LaunchScreen.storyboard; sourceTree = "<group>"; };
		A7A823061EA81BEC0061D0A0 /* Info.plist */ = {isa = PBXFileReference; lastKnownFileType = text.plist.xml; path = Info.plist; sourceTree = "<group>"; };
		A7A8230B1EA81BEC0061D0A0 /* SoundCollageTests.xctest */ = {isa = PBXFileReference; explicitFileType = wrapper.cfbundle; includeInIndex = 0; path = SoundCollageTests.xctest; sourceTree = BUILT_PRODUCTS_DIR; };
		A7A8230F1EA81BEC0061D0A0 /* SoundCollageTests.swift */ = {isa = PBXFileReference; lastKnownFileType = sourcecode.swift; path = SoundCollageTests.swift; sourceTree = "<group>"; };
		A7A823111EA81BEC0061D0A0 /* Info.plist */ = {isa = PBXFileReference; lastKnownFileType = text.plist.xml; path = Info.plist; sourceTree = "<group>"; };
		A7A823161EA81BEC0061D0A0 /* SoundCollageUITests.xctest */ = {isa = PBXFileReference; explicitFileType = wrapper.cfbundle; includeInIndex = 0; path = SoundCollageUITests.xctest; sourceTree = BUILT_PRODUCTS_DIR; };
		A7A8231A1EA81BEC0061D0A0 /* SoundCollageUITests.swift */ = {isa = PBXFileReference; lastKnownFileType = sourcecode.swift; path = SoundCollageUITests.swift; sourceTree = "<group>"; };
		A7A8231C1EA81BEC0061D0A0 /* Info.plist */ = {isa = PBXFileReference; lastKnownFileType = text.plist.xml; path = Info.plist; sourceTree = "<group>"; };
		A7A8232E1EA81D280061D0A0 /* AlertManager.swift */ = {isa = PBXFileReference; fileEncoding = 4; lastKnownFileType = sourcecode.swift; path = AlertManager.swift; sourceTree = "<group>"; };
		A7A823301EA81D300061D0A0 /* SCAudioManager.swift */ = {isa = PBXFileReference; fileEncoding = 4; lastKnownFileType = sourcecode.swift; path = SCAudioManager.swift; sourceTree = "<group>"; };
		A7A823371EA81F500061D0A0 /* SCSamplerCollectionViewCell.swift */ = {isa = PBXFileReference; fileEncoding = 4; lastKnownFileType = sourcecode.swift; path = SCSamplerCollectionViewCell.swift; sourceTree = "<group>"; };
		A7A823381EA81F500061D0A0 /* SCSamplerFlowLayout.swift */ = {isa = PBXFileReference; fileEncoding = 4; lastKnownFileType = sourcecode.swift; path = SCSamplerFlowLayout.swift; sourceTree = "<group>"; };
		A7A823391EA81F500061D0A0 /* SCSamplerViewController.swift */ = {isa = PBXFileReference; fileEncoding = 4; lastKnownFileType = sourcecode.swift; path = SCSamplerViewController.swift; sourceTree = "<group>"; };
		A7A823411EA81F6C0061D0A0 /* SCSampleBankViewController.swift */ = {isa = PBXFileReference; fileEncoding = 4; lastKnownFileType = sourcecode.swift; path = SCSampleBankViewController.swift; sourceTree = "<group>"; };
		A7A823421EA81F6C0061D0A0 /* SCStackView.swift */ = {isa = PBXFileReference; fileEncoding = 4; lastKnownFileType = sourcecode.swift; path = SCStackView.swift; sourceTree = "<group>"; };
		A7BD6AB01F140CE9000CDF9A /* SCScoreViewController.swift */ = {isa = PBXFileReference; fileEncoding = 4; lastKnownFileType = sourcecode.swift; path = SCScoreViewController.swift; sourceTree = "<group>"; };
		A7BD6AB31F140D85000CDF9A /* SCScoreCell.swift */ = {isa = PBXFileReference; fileEncoding = 4; lastKnownFileType = sourcecode.swift; name = SCScoreCell.swift; path = Assets.xcassets/SCScoreCell.swift; sourceTree = "<group>"; };
		A7BD6AB51F141E4D000CDF9A /* SCSequencerCell.swift */ = {isa = PBXFileReference; fileEncoding = 4; lastKnownFileType = sourcecode.swift; path = SCSequencerCell.swift; sourceTree = "<group>"; };
		A7BD6AB71F14305B000CDF9A /* SCTriggerCell.swift */ = {isa = PBXFileReference; fileEncoding = 4; lastKnownFileType = sourcecode.swift; path = SCTriggerCell.swift; sourceTree = "<group>"; };
		A7BFEE2A1EBA16DB00C718E7 /* UIView+GradientColor.swift */ = {isa = PBXFileReference; fileEncoding = 4; lastKnownFileType = sourcecode.swift; path = "UIView+GradientColor.swift"; sourceTree = "<group>"; };
		A7D7CDBF1F27BDD9000EE8DA /* SCMixerViewController.swift */ = {isa = PBXFileReference; fileEncoding = 4; lastKnownFileType = sourcecode.swift; path = SCMixerViewController.swift; sourceTree = "<group>"; };
		A7D7CDC61F27E115000EE8DA /* SCSlider.swift */ = {isa = PBXFileReference; fileEncoding = 4; lastKnownFileType = sourcecode.swift; path = SCSlider.swift; sourceTree = "<group>"; };
		A7D7CDCA1F283366000EE8DA /* ts.png */ = {isa = PBXFileReference; lastKnownFileType = image.png; path = ts.png; sourceTree = "<group>"; };
		A7D7CDCE1F28368A000EE8DA /* met.png */ = {isa = PBXFileReference; lastKnownFileType = image.png; path = met.png; sourceTree = "<group>"; };
		A7DC3AA01F21376C006354A5 /* SCMusicInterfaceCell.swift */ = {isa = PBXFileReference; fileEncoding = 4; lastKnownFileType = sourcecode.swift; path = SCMusicInterfaceCell.swift; sourceTree = "<group>"; };
		A7E117D01F278C8300041400 /* rectPink.png */ = {isa = PBXFileReference; lastKnownFileType = image.png; path = rectPink.png; sourceTree = "<group>"; };
		A7E117D21F278DE800041400 /* UIImage+Custom.swift */ = {isa = PBXFileReference; fileEncoding = 4; lastKnownFileType = sourcecode.swift; path = "UIImage+Custom.swift"; sourceTree = "<group>"; };
		A7F8E51C1EA8566D003B0747 /* SCSampleBank.swift */ = {isa = PBXFileReference; fileEncoding = 4; lastKnownFileType = sourcecode.swift; path = SCSampleBank.swift; sourceTree = "<group>"; };
/* End PBXFileReference section */

/* Begin PBXFrameworksBuildPhase section */
		A7A822F11EA81BEC0061D0A0 /* Frameworks */ = {
			isa = PBXFrameworksBuildPhase;
			buildActionMask = 2147483647;
			files = (
				A78A9BD01EABA919007117DD /* QuartzCore.framework in Frameworks */,
				A7054EC61EA82D7700BBC34E /* Foundation.framework in Frameworks */,
				A71414FF1EA82B5000BE9718 /* CoreAudio.framework in Frameworks */,
				A71415001EA82B5000BE9718 /* CoreAudioKit.framework in Frameworks */,
				A71414FC1EA82B4300BE9718 /* CoreGraphics.framework in Frameworks */,
				A71414FA1EA82B3B00BE9718 /* AVFoundation.framework in Frameworks */,
				D12EE6F44C0DB1631E344924 /* Pods_SoundCollage.framework in Frameworks */,
			);
			runOnlyForDeploymentPostprocessing = 0;
		};
		A7A823081EA81BEC0061D0A0 /* Frameworks */ = {
			isa = PBXFrameworksBuildPhase;
			buildActionMask = 2147483647;
			files = (
			);
			runOnlyForDeploymentPostprocessing = 0;
		};
		A7A823131EA81BEC0061D0A0 /* Frameworks */ = {
			isa = PBXFrameworksBuildPhase;
			buildActionMask = 2147483647;
			files = (
			);
			runOnlyForDeploymentPostprocessing = 0;
		};
/* End PBXFrameworksBuildPhase section */

/* Begin PBXGroup section */
		095B8402F860F7E6A5BAF4F4 /* Frameworks */ = {
			isa = PBXGroup;
			children = (
				A78A9BCF1EABA919007117DD /* QuartzCore.framework */,
				A7054EC51EA82D7700BBC34E /* Foundation.framework */,
				A71414FD1EA82B5000BE9718 /* CoreAudio.framework */,
				A71414FE1EA82B5000BE9718 /* CoreAudioKit.framework */,
				A71414FB1EA82B4300BE9718 /* CoreGraphics.framework */,
				A71414F91EA82B3B00BE9718 /* AVFoundation.framework */,
				31824778C2A9DAF6427BA297 /* Pods_SoundCollage.framework */,
			);
			name = Frameworks;
			sourceTree = "<group>";
		};
		A70814301F01B54600A8AE92 /* zetafonts_a-day-without-sun */ = {
			isa = PBXGroup;
			children = (
				A70814321F01B54600A8AE92 /* A DAY WITHOUT SUN.otf */,
			);
			path = "zetafonts_a-day-without-sun";
			sourceTree = "<group>";
		};
		A70814371F01B5A100A8AE92 /* Resources */ = {
			isa = PBXGroup;
			children = (
				A74B368D1F3105D7000E8DEA /* play.png */,
				A7E117D01F278C8300041400 /* rectPink.png */,
				A74541841F310E02007A89B7 /* lp.png */,
				A74541901F3112C3007A89B7 /* lp1.png */,
				A74541881F311054007A89B7 /* back.png */,
				A713F5091F2F2DA700742D1C /* rectWhite.png */,
				A745418E1F311229007A89B7 /* plus1.png */,
				A74541861F310E0E007A89B7 /* mic.png */,
				A79F5C891F1551CE00A89492 /* spinner.png */,
				A7D7CDCA1F283366000EE8DA /* ts.png */,
				A745418C1F31115A007A89B7 /* record.png */,
				A745418A1F311101007A89B7 /* playlist.png */,
				A7D7CDCE1F28368A000EE8DA /* met.png */,
				A74541821F310C3E007A89B7 /* sampleBank.png */,
				A70814381F01C46400A8AE92 /* plus.png */,
				A79160F31F1EA2B50051113C /* quicksand */,
				A70814301F01B54600A8AE92 /* zetafonts_a-day-without-sun */,
			);
			name = Resources;
			sourceTree = "<group>";
		};
		A7264E761EAE284600664EDE /* Sample Bank */ = {
			isa = PBXGroup;
			children = (
				A7A823411EA81F6C0061D0A0 /* SCSampleBankViewController.swift */,
				A79727CC1EADA35200BBD45F /* SCSampleBankFlowLayout.swift */,
				A79727CE1EADA46E00BBD45F /* SCSampleBankCell.swift */,
			);
			name = "Sample Bank";
			sourceTree = "<group>";
		};
		A7264E771EAE285900664EDE /* Sampler */ = {
			isa = PBXGroup;
			children = (
				A7A823381EA81F500061D0A0 /* SCSamplerFlowLayout.swift */,
				A7A823391EA81F500061D0A0 /* SCSamplerViewController.swift */,
				A7A823371EA81F500061D0A0 /* SCSamplerCollectionViewCell.swift */,
			);
			name = Sampler;
			sourceTree = "<group>";
		};
		A7264E791EAE289E00664EDE /* Classes */ = {
			isa = PBXGroup;
			children = (
				A7264E801EAEECD700664EDE /* SCUser.swift */,
				A7F8E51C1EA8566D003B0747 /* SCSampleBank.swift */,
				A7A8232E1EA81D280061D0A0 /* AlertManager.swift */,
				A7A823421EA81F6C0061D0A0 /* SCStackView.swift */,
				A7264E7C1EAE619800664EDE /* SCAnimator.swift */,
				A7BFEE2A1EBA16DB00C718E7 /* UIView+GradientColor.swift */,
				A7E117D21F278DE800041400 /* UIImage+Custom.swift */,
				A78250E01EE13B7E00350768 /* SCAudioEngine.swift */,
				A78250E21EE601BA00350768 /* SCEffectControl.swift */,
				A7A21CB21EFAEFF300161DF3 /* UIButton+Custom.swift */,
				A75D4EBB1F25BFF300C304D8 /* SCSequencerSettings.swift */,
				A7D7CDC61F27E115000EE8DA /* SCSlider.swift */,
				A7404BD01F290AA5004BC4E1 /* SCColor.swift */,
				A78C12941F2DAAE500682750 /* SCCircularView.swift */,
				A713F50B1F2F2E1200742D1C /* UIScrollView+SnapToCell.swift */,
				A713F50D1F2F65A900742D1C /* SCFaderDelegate.swift */,
			);
			name = Classes;
			sourceTree = "<group>";
		};
		A7264E7B1EAE294100664EDE /* Application */ = {
			isa = PBXGroup;
			children = (
				A7A822F71EA81BEC0061D0A0 /* AppDelegate.swift */,
				A7A822FB1EA81BEC0061D0A0 /* Main.storyboard */,
				A7A823011EA81BEC0061D0A0 /* Assets.xcassets */,
				A7A823031EA81BEC0061D0A0 /* LaunchScreen.storyboard */,
				A7A823061EA81BEC0061D0A0 /* Info.plist */,
				A780F0FA1EAF939D00BB5359 /* SoundCollage-Bridging-Header.h */,
				A70814371F01B5A100A8AE92 /* Resources */,
			);
			name = Application;
			sourceTree = "<group>";
		};
		A74541941F3114F6007A89B7 /* Song Library */ = {
			isa = PBXGroup;
			children = (
				A74541921F3114E8007A89B7 /* SCLibraryViewController.swift */,
				A74541951F31153E007A89B7 /* SCLibraryCell.swift */,
			);
			name = "Song Library";
			path = SoundCollage;
			sourceTree = "<group>";
		};
		A78733881EB1160F00B5A8AE /* Managers */ = {
			isa = PBXGroup;
			children = (
				A76A886A1EB0445200FEDED0 /* SCDataManager.swift */,
				A7A823301EA81D300061D0A0 /* SCAudioManager.swift */,
			);
			name = Managers;
			sourceTree = "<group>";
		};
		A79160F31F1EA2B50051113C /* quicksand */ = {
			isa = PBXGroup;
			children = (
				A79160F41F1EA2B50051113C /* Quicksand SIL OFL License 1.1.txt */,
				A79160F51F1EA2B50051113C /* Quicksand_Bold.otf */,
				A79160F61F1EA2B50051113C /* Quicksand_Bold_Oblique.otf */,
				A79160F71F1EA2B50051113C /* Quicksand_Book.otf */,
				A79160F81F1EA2B50051113C /* Quicksand_Book_Oblique.otf */,
				A79160F91F1EA2B50051113C /* Quicksand_Dash.otf */,
				A79160FA1F1EA2B50051113C /* Quicksand_Light.otf */,
				A79160FB1F1EA2B50051113C /* Quicksand_Light_Oblique.otf */,
				A79160FC1F1EA2B50051113C /* SPECIMENPOSTER_4967.jpg */,
				A79170CB1F2D211F00B38D16 /* stars.jpg */,
			);
			path = quicksand;
			sourceTree = "<group>";
		};
		A79161081F1EA80D0051113C /* Container */ = {
			isa = PBXGroup;
			children = (
				A79161061F1EA7FD0051113C /* SCContainerViewController.swift */,
				A79161091F1EA86B0051113C /* SCFirstContainerCell.swift */,
				A791610B1F1EA8880051113C /* SCSecondContainerCell.swift */,
				A7DC3AA01F21376C006354A5 /* SCMusicInterfaceCell.swift */,
			);
			name = Container;
			sourceTree = "<group>";
		};
		A7A822EB1EA81BEC0061D0A0 = {
			isa = PBXGroup;
			children = (
				A7A822F61EA81BEC0061D0A0 /* SoundCollage */,
				A74541941F3114F6007A89B7 /* Song Library */,
				A7A8230E1EA81BEC0061D0A0 /* SoundCollageTests */,
				A7A823191EA81BEC0061D0A0 /* SoundCollageUITests */,
				A7A822F51EA81BEC0061D0A0 /* Products */,
				095B8402F860F7E6A5BAF4F4 /* Frameworks */,
				B80249A3457B6E7E4097B6BA /* Pods */,
			);
			sourceTree = "<group>";
		};
		A7A822F51EA81BEC0061D0A0 /* Products */ = {
			isa = PBXGroup;
			children = (
				A7A822F41EA81BEC0061D0A0 /* SoundCollage.app */,
				A7A8230B1EA81BEC0061D0A0 /* SoundCollageTests.xctest */,
				A7A823161EA81BEC0061D0A0 /* SoundCollageUITests.xctest */,
			);
			name = Products;
			sourceTree = "<group>";
		};
		A7A822F61EA81BEC0061D0A0 /* SoundCollage */ = {
			isa = PBXGroup;
			children = (
				A7264E7B1EAE294100664EDE /* Application */,
				A78733881EB1160F00B5A8AE /* Managers */,
				A7264E791EAE289E00664EDE /* Classes */,
				A79161081F1EA80D0051113C /* Container */,
				A7264E771EAE285900664EDE /* Sampler */,
				A7D7CDC11F27BDE5000EE8DA /* Mixer */,
				A7264E761EAE284600664EDE /* Sample Bank */,
				A7BD6AB21F140CF7000CDF9A /* Sequencer */,
			);
			path = SoundCollage;
			sourceTree = "<group>";
		};
		A7A8230E1EA81BEC0061D0A0 /* SoundCollageTests */ = {
			isa = PBXGroup;
			children = (
				A7A8230F1EA81BEC0061D0A0 /* SoundCollageTests.swift */,
				A7A823111EA81BEC0061D0A0 /* Info.plist */,
			);
			path = SoundCollageTests;
			sourceTree = "<group>";
		};
		A7A823191EA81BEC0061D0A0 /* SoundCollageUITests */ = {
			isa = PBXGroup;
			children = (
				A7A8231A1EA81BEC0061D0A0 /* SoundCollageUITests.swift */,
				A7A8231C1EA81BEC0061D0A0 /* Info.plist */,
			);
			path = SoundCollageUITests;
			sourceTree = "<group>";
		};
		A7BD6AB21F140CF7000CDF9A /* Sequencer */ = {
			isa = PBXGroup;
			children = (
				A7BD6AB01F140CE9000CDF9A /* SCScoreViewController.swift */,
				A7BD6AB31F140D85000CDF9A /* SCScoreCell.swift */,
				A7BD6AB51F141E4D000CDF9A /* SCSequencerCell.swift */,
				A7BD6AB71F14305B000CDF9A /* SCTriggerCell.swift */,
			);
			name = Sequencer;
			sourceTree = "<group>";
		};
		A7D7CDC11F27BDE5000EE8DA /* Mixer */ = {
			isa = PBXGroup;
			children = (
				A7D7CDBF1F27BDD9000EE8DA /* SCMixerViewController.swift */,
				A7404BCC1F290884004BC4E1 /* SCMixerPanelCell.swift */,
			);
			name = Mixer;
			sourceTree = "<group>";
		};
		B80249A3457B6E7E4097B6BA /* Pods */ = {
			isa = PBXGroup;
			children = (
				75D104676F45F32E670413F6 /* Pods-SoundCollage.debug.xcconfig */,
				9BEF22D19B1F94FC5200561F /* Pods-SoundCollage.release.xcconfig */,
			);
			name = Pods;
			sourceTree = "<group>";
		};
/* End PBXGroup section */

/* Begin PBXNativeTarget section */
		A7A822F31EA81BEC0061D0A0 /* SoundCollage */ = {
			isa = PBXNativeTarget;
			buildConfigurationList = A7A8231F1EA81BEC0061D0A0 /* Build configuration list for PBXNativeTarget "SoundCollage" */;
			buildPhases = (
				9C4708CC0774798D75D7BC56 /* [CP] Check Pods Manifest.lock */,
				A7A822F01EA81BEC0061D0A0 /* Sources */,
				A7A822F11EA81BEC0061D0A0 /* Frameworks */,
				A7A822F21EA81BEC0061D0A0 /* Resources */,
				A70418E51EA86B1800006871 /* Embed Frameworks */,
				75B22E88DEA8AA8C8D771BD4 /* [CP] Embed Pods Frameworks */,
				211B499293DE1F23B6C55B33 /* [CP] Copy Pods Resources */,
			);
			buildRules = (
			);
			dependencies = (
			);
			name = SoundCollage;
			productName = SoundCollage;
			productReference = A7A822F41EA81BEC0061D0A0 /* SoundCollage.app */;
			productType = "com.apple.product-type.application";
		};
		A7A8230A1EA81BEC0061D0A0 /* SoundCollageTests */ = {
			isa = PBXNativeTarget;
			buildConfigurationList = A7A823221EA81BEC0061D0A0 /* Build configuration list for PBXNativeTarget "SoundCollageTests" */;
			buildPhases = (
				A7A823071EA81BEC0061D0A0 /* Sources */,
				A7A823081EA81BEC0061D0A0 /* Frameworks */,
				A7A823091EA81BEC0061D0A0 /* Resources */,
			);
			buildRules = (
			);
			dependencies = (
				A7A8230D1EA81BEC0061D0A0 /* PBXTargetDependency */,
			);
			name = SoundCollageTests;
			productName = SoundCollageTests;
			productReference = A7A8230B1EA81BEC0061D0A0 /* SoundCollageTests.xctest */;
			productType = "com.apple.product-type.bundle.unit-test";
		};
		A7A823151EA81BEC0061D0A0 /* SoundCollageUITests */ = {
			isa = PBXNativeTarget;
			buildConfigurationList = A7A823251EA81BEC0061D0A0 /* Build configuration list for PBXNativeTarget "SoundCollageUITests" */;
			buildPhases = (
				A7A823121EA81BEC0061D0A0 /* Sources */,
				A7A823131EA81BEC0061D0A0 /* Frameworks */,
				A7A823141EA81BEC0061D0A0 /* Resources */,
			);
			buildRules = (
			);
			dependencies = (
				A7A823181EA81BEC0061D0A0 /* PBXTargetDependency */,
			);
			name = SoundCollageUITests;
			productName = SoundCollageUITests;
			productReference = A7A823161EA81BEC0061D0A0 /* SoundCollageUITests.xctest */;
			productType = "com.apple.product-type.bundle.ui-testing";
		};
/* End PBXNativeTarget section */

/* Begin PBXProject section */
		A7A822EC1EA81BEC0061D0A0 /* Project object */ = {
			isa = PBXProject;
			attributes = {
				LastSwiftUpdateCheck = 0820;
				LastUpgradeCheck = 0820;
				ORGANIZATIONNAME = ptcloutier;
				TargetAttributes = {
					A7A822F31EA81BEC0061D0A0 = {
						CreatedOnToolsVersion = 8.2.1;
						DevelopmentTeam = LHVTYN77KH;
						ProvisioningStyle = Automatic;
					};
					A7A8230A1EA81BEC0061D0A0 = {
						CreatedOnToolsVersion = 8.2.1;
						DevelopmentTeam = LHVTYN77KH;
						ProvisioningStyle = Automatic;
						TestTargetID = A7A822F31EA81BEC0061D0A0;
					};
					A7A823151EA81BEC0061D0A0 = {
						CreatedOnToolsVersion = 8.2.1;
						DevelopmentTeam = LHVTYN77KH;
						ProvisioningStyle = Automatic;
						TestTargetID = A7A822F31EA81BEC0061D0A0;
					};
				};
			};
			buildConfigurationList = A7A822EF1EA81BEC0061D0A0 /* Build configuration list for PBXProject "SoundCollage" */;
			compatibilityVersion = "Xcode 3.2";
			developmentRegion = English;
			hasScannedForEncodings = 0;
			knownRegions = (
				en,
				Base,
			);
			mainGroup = A7A822EB1EA81BEC0061D0A0;
			productRefGroup = A7A822F51EA81BEC0061D0A0 /* Products */;
			projectDirPath = "";
			projectRoot = "";
			targets = (
				A7A822F31EA81BEC0061D0A0 /* SoundCollage */,
				A7A8230A1EA81BEC0061D0A0 /* SoundCollageTests */,
				A7A823151EA81BEC0061D0A0 /* SoundCollageUITests */,
			);
		};
/* End PBXProject section */

/* Begin PBXResourcesBuildPhase section */
		A7A822F21EA81BEC0061D0A0 /* Resources */ = {
			isa = PBXResourcesBuildPhase;
			buildActionMask = 2147483647;
			files = (
				A7D7CDCF1F28368A000EE8DA /* met.png in Resources */,
				A79160FD1F1EA2B50051113C /* Quicksand SIL OFL License 1.1.txt in Resources */,
				A79161011F1EA2B50051113C /* Quicksand_Book_Oblique.otf in Resources */,
				A74541911F3112C3007A89B7 /* lp1.png in Resources */,
				A74541871F310E0E007A89B7 /* mic.png in Resources */,
				A70814351F01B54600A8AE92 /* A DAY WITHOUT SUN.otf in Resources */,
				A79161021F1EA2B50051113C /* Quicksand_Dash.otf in Resources */,
				A79161001F1EA2B50051113C /* Quicksand_Book.otf in Resources */,
				A745418B1F311101007A89B7 /* playlist.png in Resources */,
				A79170CC1F2D211F00B38D16 /* stars.jpg in Resources */,
				A713F50A1F2F2DA700742D1C /* rectWhite.png in Resources */,
				A74541851F310E02007A89B7 /* lp.png in Resources */,
				A79F5C8A1F1551CE00A89492 /* spinner.png in Resources */,
				A74541891F311054007A89B7 /* back.png in Resources */,
				A70814391F01C46400A8AE92 /* plus.png in Resources */,
				A79160FE1F1EA2B50051113C /* Quicksand_Bold.otf in Resources */,
				A79160FF1F1EA2B50051113C /* Quicksand_Bold_Oblique.otf in Resources */,
				A7A823051EA81BEC0061D0A0 /* LaunchScreen.storyboard in Resources */,
				A74541831F310C3E007A89B7 /* sampleBank.png in Resources */,
				A7A823021EA81BEC0061D0A0 /* Assets.xcassets in Resources */,
				A745418D1F31115A007A89B7 /* record.png in Resources */,
				A74B368E1F3105D7000E8DEA /* play.png in Resources */,
				A745418F1F311229007A89B7 /* plus1.png in Resources */,
				A79161051F1EA2B50051113C /* SPECIMENPOSTER_4967.jpg in Resources */,
				A7D7CDCB1F283366000EE8DA /* ts.png in Resources */,
				A7A822FD1EA81BEC0061D0A0 /* Main.storyboard in Resources */,
				A79161041F1EA2B50051113C /* Quicksand_Light_Oblique.otf in Resources */,
				A79161031F1EA2B50051113C /* Quicksand_Light.otf in Resources */,
				A7E117D11F278C8300041400 /* rectPink.png in Resources */,
			);
			runOnlyForDeploymentPostprocessing = 0;
		};
		A7A823091EA81BEC0061D0A0 /* Resources */ = {
			isa = PBXResourcesBuildPhase;
			buildActionMask = 2147483647;
			files = (
			);
			runOnlyForDeploymentPostprocessing = 0;
		};
		A7A823141EA81BEC0061D0A0 /* Resources */ = {
			isa = PBXResourcesBuildPhase;
			buildActionMask = 2147483647;
			files = (
			);
			runOnlyForDeploymentPostprocessing = 0;
		};
/* End PBXResourcesBuildPhase section */

/* Begin PBXShellScriptBuildPhase section */
		211B499293DE1F23B6C55B33 /* [CP] Copy Pods Resources */ = {
			isa = PBXShellScriptBuildPhase;
			buildActionMask = 2147483647;
			files = (
			);
			inputPaths = (
			);
			name = "[CP] Copy Pods Resources";
			outputPaths = (
			);
			runOnlyForDeploymentPostprocessing = 0;
			shellPath = /bin/sh;
			shellScript = "\"${SRCROOT}/Pods/Target Support Files/Pods-SoundCollage/Pods-SoundCollage-resources.sh\"\n";
			showEnvVarsInLog = 0;
		};
		75B22E88DEA8AA8C8D771BD4 /* [CP] Embed Pods Frameworks */ = {
			isa = PBXShellScriptBuildPhase;
			buildActionMask = 2147483647;
			files = (
			);
			inputPaths = (
			);
			name = "[CP] Embed Pods Frameworks";
			outputPaths = (
			);
			runOnlyForDeploymentPostprocessing = 0;
			shellPath = /bin/sh;
			shellScript = "\"${SRCROOT}/Pods/Target Support Files/Pods-SoundCollage/Pods-SoundCollage-frameworks.sh\"\n";
			showEnvVarsInLog = 0;
		};
		9C4708CC0774798D75D7BC56 /* [CP] Check Pods Manifest.lock */ = {
			isa = PBXShellScriptBuildPhase;
			buildActionMask = 2147483647;
			files = (
			);
			inputPaths = (
			);
			name = "[CP] Check Pods Manifest.lock";
			outputPaths = (
			);
			runOnlyForDeploymentPostprocessing = 0;
			shellPath = /bin/sh;
			shellScript = "diff \"${PODS_PODFILE_DIR_PATH}/Podfile.lock\" \"${PODS_ROOT}/Manifest.lock\" > /dev/null\nif [ $? != 0 ] ; then\n    # print error to STDERR\n    echo \"error: The sandbox is not in sync with the Podfile.lock. Run 'pod install' or update your CocoaPods installation.\" >&2\n    exit 1\nfi\n";
			showEnvVarsInLog = 0;
		};
/* End PBXShellScriptBuildPhase section */

/* Begin PBXSourcesBuildPhase section */
		A7A822F01EA81BEC0061D0A0 /* Sources */ = {
			isa = PBXSourcesBuildPhase;
			buildActionMask = 2147483647;
			files = (
				A7BD6AB81F14305B000CDF9A /* SCTriggerCell.swift in Sources */,
				A7BD6AB61F141E4D000CDF9A /* SCSequencerCell.swift in Sources */,
				A7A8233E1EA81F500061D0A0 /* SCSamplerCollectionViewCell.swift in Sources */,
				A79161071F1EA7FD0051113C /* SCContainerViewController.swift in Sources */,
				A7A823431EA81F6C0061D0A0 /* SCSampleBankViewController.swift in Sources */,
				A7404BD11F290AA5004BC4E1 /* SCColor.swift in Sources */,
				A7A8233F1EA81F500061D0A0 /* SCSamplerFlowLayout.swift in Sources */,
				A75D4EBC1F25BFF300C304D8 /* SCSequencerSettings.swift in Sources */,
				A74541961F31153E007A89B7 /* SCLibraryCell.swift in Sources */,
				A7BFEE2B1EBA16DB00C718E7 /* UIView+GradientColor.swift in Sources */,
				A7E117D31F278DE800041400 /* UIImage+Custom.swift in Sources */,
				A7F8E51D1EA8566D003B0747 /* SCSampleBank.swift in Sources */,
				A7BD6AB11F140CE9000CDF9A /* SCScoreViewController.swift in Sources */,
				A79727D01EADA46E00BBD45F /* SCSampleBankCell.swift in Sources */,
				A7A8232F1EA81D280061D0A0 /* AlertManager.swift in Sources */,
				A78250E11EE13B7E00350768 /* SCAudioEngine.swift in Sources */,
				A7A823401EA81F500061D0A0 /* SCSamplerViewController.swift in Sources */,
				A78250E31EE601BA00350768 /* SCEffectControl.swift in Sources */,
				A79727CD1EADA35200BBD45F /* SCSampleBankFlowLayout.swift in Sources */,
				A713F50C1F2F2E1200742D1C /* UIScrollView+SnapToCell.swift in Sources */,
				A7264E7D1EAE619800664EDE /* SCAnimator.swift in Sources */,
				A7BD6AB41F140D85000CDF9A /* SCScoreCell.swift in Sources */,
				A7A21CB31EFAEFF400161DF3 /* UIButton+Custom.swift in Sources */,
				A7A823441EA81F6C0061D0A0 /* SCStackView.swift in Sources */,
				A7DC3AA11F21376C006354A5 /* SCMusicInterfaceCell.swift in Sources */,
				A713F50E1F2F65A900742D1C /* SCFaderDelegate.swift in Sources */,
				A7A822F81EA81BEC0061D0A0 /* AppDelegate.swift in Sources */,
				A791610A1F1EA86B0051113C /* SCFirstContainerCell.swift in Sources */,
				A7264E811EAEECD700664EDE /* SCUser.swift in Sources */,
				A791610C1F1EA8880051113C /* SCSecondContainerCell.swift in Sources */,
				A7404BCD1F290884004BC4E1 /* SCMixerPanelCell.swift in Sources */,
				A74541931F3114E8007A89B7 /* SCLibraryViewController.swift in Sources */,
				A7A823311EA81D300061D0A0 /* SCAudioManager.swift in Sources */,
				A78C12951F2DAAE500682750 /* SCCircularView.swift in Sources */,
				A7D7CDC01F27BDD9000EE8DA /* SCMixerViewController.swift in Sources */,
				A7D7CDC71F27E115000EE8DA /* SCSlider.swift in Sources */,
				A76A886B1EB0445200FEDED0 /* SCDataManager.swift in Sources */,
			);
			runOnlyForDeploymentPostprocessing = 0;
		};
		A7A823071EA81BEC0061D0A0 /* Sources */ = {
			isa = PBXSourcesBuildPhase;
			buildActionMask = 2147483647;
			files = (
				A7A823101EA81BEC0061D0A0 /* SoundCollageTests.swift in Sources */,
			);
			runOnlyForDeploymentPostprocessing = 0;
		};
		A7A823121EA81BEC0061D0A0 /* Sources */ = {
			isa = PBXSourcesBuildPhase;
			buildActionMask = 2147483647;
			files = (
				A7A8231B1EA81BEC0061D0A0 /* SoundCollageUITests.swift in Sources */,
			);
			runOnlyForDeploymentPostprocessing = 0;
		};
/* End PBXSourcesBuildPhase section */

/* Begin PBXTargetDependency section */
		A7A8230D1EA81BEC0061D0A0 /* PBXTargetDependency */ = {
			isa = PBXTargetDependency;
			target = A7A822F31EA81BEC0061D0A0 /* SoundCollage */;
			targetProxy = A7A8230C1EA81BEC0061D0A0 /* PBXContainerItemProxy */;
		};
		A7A823181EA81BEC0061D0A0 /* PBXTargetDependency */ = {
			isa = PBXTargetDependency;
			target = A7A822F31EA81BEC0061D0A0 /* SoundCollage */;
			targetProxy = A7A823171EA81BEC0061D0A0 /* PBXContainerItemProxy */;
		};
/* End PBXTargetDependency section */

/* Begin PBXVariantGroup section */
		A7A822FB1EA81BEC0061D0A0 /* Main.storyboard */ = {
			isa = PBXVariantGroup;
			children = (
				A7A822FC1EA81BEC0061D0A0 /* Base */,
			);
			name = Main.storyboard;
			sourceTree = "<group>";
		};
		A7A823031EA81BEC0061D0A0 /* LaunchScreen.storyboard */ = {
			isa = PBXVariantGroup;
			children = (
				A7A823041EA81BEC0061D0A0 /* Base */,
			);
			name = LaunchScreen.storyboard;
			sourceTree = "<group>";
		};
/* End PBXVariantGroup section */

/* Begin XCBuildConfiguration section */
		A7A8231D1EA81BEC0061D0A0 /* Debug */ = {
			isa = XCBuildConfiguration;
			buildSettings = {
				ALWAYS_SEARCH_USER_PATHS = NO;
				CLANG_ANALYZER_NONNULL = YES;
				CLANG_CXX_LANGUAGE_STANDARD = "gnu++0x";
				CLANG_CXX_LIBRARY = "libc++";
				CLANG_ENABLE_MODULES = YES;
				CLANG_ENABLE_OBJC_ARC = YES;
				CLANG_WARN_BOOL_CONVERSION = YES;
				CLANG_WARN_CONSTANT_CONVERSION = YES;
				CLANG_WARN_DIRECT_OBJC_ISA_USAGE = YES_ERROR;
				CLANG_WARN_DOCUMENTATION_COMMENTS = YES;
				CLANG_WARN_EMPTY_BODY = YES;
				CLANG_WARN_ENUM_CONVERSION = YES;
				CLANG_WARN_INFINITE_RECURSION = YES;
				CLANG_WARN_INT_CONVERSION = YES;
				CLANG_WARN_OBJC_ROOT_CLASS = YES_ERROR;
				CLANG_WARN_SUSPICIOUS_MOVE = YES;
				CLANG_WARN_UNREACHABLE_CODE = YES;
				CLANG_WARN__DUPLICATE_METHOD_MATCH = YES;
				"CODE_SIGN_IDENTITY[sdk=iphoneos*]" = "iPhone Developer";
				COPY_PHASE_STRIP = NO;
				DEBUG_INFORMATION_FORMAT = dwarf;
				ENABLE_STRICT_OBJC_MSGSEND = YES;
				ENABLE_TESTABILITY = YES;
				GCC_C_LANGUAGE_STANDARD = gnu99;
				GCC_DYNAMIC_NO_PIC = NO;
				GCC_NO_COMMON_BLOCKS = YES;
				GCC_OPTIMIZATION_LEVEL = 0;
				GCC_PREPROCESSOR_DEFINITIONS = (
					"DEBUG=1",
					"$(inherited)",
				);
				GCC_WARN_64_TO_32_BIT_CONVERSION = YES;
				GCC_WARN_ABOUT_RETURN_TYPE = YES_ERROR;
				GCC_WARN_UNDECLARED_SELECTOR = YES;
				GCC_WARN_UNINITIALIZED_AUTOS = YES_AGGRESSIVE;
				GCC_WARN_UNUSED_FUNCTION = YES;
				GCC_WARN_UNUSED_VARIABLE = YES;
				IPHONEOS_DEPLOYMENT_TARGET = 10.2;
				MTL_ENABLE_DEBUG_INFO = YES;
				ONLY_ACTIVE_ARCH = YES;
				SDKROOT = iphoneos;
				SWIFT_ACTIVE_COMPILATION_CONDITIONS = DEBUG;
				SWIFT_INSTALL_OBJC_HEADER = NO;
				"SWIFT_OBJC_BRIDGING_HEADER[arch=*]" = "";
				SWIFT_OPTIMIZATION_LEVEL = "-Onone";
				TARGETED_DEVICE_FAMILY = "1,2";
			};
			name = Debug;
		};
		A7A8231E1EA81BEC0061D0A0 /* Release */ = {
			isa = XCBuildConfiguration;
			buildSettings = {
				ALWAYS_SEARCH_USER_PATHS = NO;
				CLANG_ANALYZER_NONNULL = YES;
				CLANG_CXX_LANGUAGE_STANDARD = "gnu++0x";
				CLANG_CXX_LIBRARY = "libc++";
				CLANG_ENABLE_MODULES = YES;
				CLANG_ENABLE_OBJC_ARC = YES;
				CLANG_WARN_BOOL_CONVERSION = YES;
				CLANG_WARN_CONSTANT_CONVERSION = YES;
				CLANG_WARN_DIRECT_OBJC_ISA_USAGE = YES_ERROR;
				CLANG_WARN_DOCUMENTATION_COMMENTS = YES;
				CLANG_WARN_EMPTY_BODY = YES;
				CLANG_WARN_ENUM_CONVERSION = YES;
				CLANG_WARN_INFINITE_RECURSION = YES;
				CLANG_WARN_INT_CONVERSION = YES;
				CLANG_WARN_OBJC_ROOT_CLASS = YES_ERROR;
				CLANG_WARN_SUSPICIOUS_MOVE = YES;
				CLANG_WARN_UNREACHABLE_CODE = YES;
				CLANG_WARN__DUPLICATE_METHOD_MATCH = YES;
				"CODE_SIGN_IDENTITY[sdk=iphoneos*]" = "iPhone Developer";
				COPY_PHASE_STRIP = NO;
				DEBUG_INFORMATION_FORMAT = "dwarf-with-dsym";
				ENABLE_NS_ASSERTIONS = NO;
				ENABLE_STRICT_OBJC_MSGSEND = YES;
				GCC_C_LANGUAGE_STANDARD = gnu99;
				GCC_NO_COMMON_BLOCKS = YES;
				GCC_WARN_64_TO_32_BIT_CONVERSION = YES;
				GCC_WARN_ABOUT_RETURN_TYPE = YES_ERROR;
				GCC_WARN_UNDECLARED_SELECTOR = YES;
				GCC_WARN_UNINITIALIZED_AUTOS = YES_AGGRESSIVE;
				GCC_WARN_UNUSED_FUNCTION = YES;
				GCC_WARN_UNUSED_VARIABLE = YES;
				IPHONEOS_DEPLOYMENT_TARGET = 10.2;
				MTL_ENABLE_DEBUG_INFO = NO;
				SDKROOT = iphoneos;
				SWIFT_INSTALL_OBJC_HEADER = NO;
				SWIFT_OPTIMIZATION_LEVEL = "-Owholemodule";
				TARGETED_DEVICE_FAMILY = "1,2";
				VALIDATE_PRODUCT = YES;
			};
			name = Release;
		};
		A7A823201EA81BEC0061D0A0 /* Debug */ = {
			isa = XCBuildConfiguration;
			baseConfigurationReference = 75D104676F45F32E670413F6 /* Pods-SoundCollage.debug.xcconfig */;
			buildSettings = {
				ALWAYS_EMBED_SWIFT_STANDARD_LIBRARIES = YES;
				ASSETCATALOG_COMPILER_APPICON_NAME = AppIcon;
				DEBUG_ACTIVITY_MODE = "";
				"DEBUG_ACTIVITY_MODE[sdk=iphonesimulator*]" = disable;
				DEVELOPMENT_TEAM = LHVTYN77KH;
				INFOPLIST_FILE = SoundCollage/Info.plist;
				LD_RUNPATH_SEARCH_PATHS = "$(inherited) @executable_path/Frameworks";
				PRODUCT_BUNDLE_IDENTIFIER = com.ptcloutier.SoundCollage;
				PRODUCT_NAME = "$(TARGET_NAME)";
				SWIFT_OBJC_BRIDGING_HEADER = "SoundCollage/SoundCollage-Bridging-Header.h";
				SWIFT_VERSION = 3.0;
			};
			name = Debug;
		};
		A7A823211EA81BEC0061D0A0 /* Release */ = {
			isa = XCBuildConfiguration;
			baseConfigurationReference = 9BEF22D19B1F94FC5200561F /* Pods-SoundCollage.release.xcconfig */;
			buildSettings = {
				ALWAYS_EMBED_SWIFT_STANDARD_LIBRARIES = YES;
				ASSETCATALOG_COMPILER_APPICON_NAME = AppIcon;
				DEBUG_ACTIVITY_MODE = "";
				DEVELOPMENT_TEAM = LHVTYN77KH;
				INFOPLIST_FILE = SoundCollage/Info.plist;
				LD_RUNPATH_SEARCH_PATHS = "$(inherited) @executable_path/Frameworks";
				PRODUCT_BUNDLE_IDENTIFIER = com.ptcloutier.SoundCollage;
				PRODUCT_NAME = "$(TARGET_NAME)";
				SWIFT_OBJC_BRIDGING_HEADER = "SoundCollage/SoundCollage-Bridging-Header.h";
				SWIFT_VERSION = 3.0;
			};
			name = Release;
		};
		A7A823231EA81BEC0061D0A0 /* Debug */ = {
			isa = XCBuildConfiguration;
			buildSettings = {
				ALWAYS_EMBED_SWIFT_STANDARD_LIBRARIES = YES;
				BUNDLE_LOADER = "$(TEST_HOST)";
				DEVELOPMENT_TEAM = LHVTYN77KH;
				INFOPLIST_FILE = SoundCollageTests/Info.plist;
				LD_RUNPATH_SEARCH_PATHS = "$(inherited) @executable_path/Frameworks @loader_path/Frameworks";
				PRODUCT_BUNDLE_IDENTIFIER = com.ptcloutier.SoundCollageTests;
				PRODUCT_NAME = "$(TARGET_NAME)";
				SWIFT_VERSION = 3.0;
				TEST_HOST = "$(BUILT_PRODUCTS_DIR)/SoundCollage.app/SoundCollage";
			};
			name = Debug;
		};
		A7A823241EA81BEC0061D0A0 /* Release */ = {
			isa = XCBuildConfiguration;
			buildSettings = {
				ALWAYS_EMBED_SWIFT_STANDARD_LIBRARIES = YES;
				BUNDLE_LOADER = "$(TEST_HOST)";
				DEVELOPMENT_TEAM = LHVTYN77KH;
				INFOPLIST_FILE = SoundCollageTests/Info.plist;
				LD_RUNPATH_SEARCH_PATHS = "$(inherited) @executable_path/Frameworks @loader_path/Frameworks";
				PRODUCT_BUNDLE_IDENTIFIER = com.ptcloutier.SoundCollageTests;
				PRODUCT_NAME = "$(TARGET_NAME)";
				SWIFT_VERSION = 3.0;
				TEST_HOST = "$(BUILT_PRODUCTS_DIR)/SoundCollage.app/SoundCollage";
			};
			name = Release;
		};
		A7A823261EA81BEC0061D0A0 /* Debug */ = {
			isa = XCBuildConfiguration;
			buildSettings = {
				ALWAYS_EMBED_SWIFT_STANDARD_LIBRARIES = YES;
				DEVELOPMENT_TEAM = LHVTYN77KH;
				INFOPLIST_FILE = SoundCollageUITests/Info.plist;
				LD_RUNPATH_SEARCH_PATHS = "$(inherited) @executable_path/Frameworks @loader_path/Frameworks";
				PRODUCT_BUNDLE_IDENTIFIER = com.ptcloutier.SoundCollageUITests;
				PRODUCT_NAME = "$(TARGET_NAME)";
				SWIFT_VERSION = 3.0;
				TEST_TARGET_NAME = SoundCollage;
			};
			name = Debug;
		};
		A7A823271EA81BEC0061D0A0 /* Release */ = {
			isa = XCBuildConfiguration;
			buildSettings = {
				ALWAYS_EMBED_SWIFT_STANDARD_LIBRARIES = YES;
				DEVELOPMENT_TEAM = LHVTYN77KH;
				INFOPLIST_FILE = SoundCollageUITests/Info.plist;
				LD_RUNPATH_SEARCH_PATHS = "$(inherited) @executable_path/Frameworks @loader_path/Frameworks";
				PRODUCT_BUNDLE_IDENTIFIER = com.ptcloutier.SoundCollageUITests;
				PRODUCT_NAME = "$(TARGET_NAME)";
				SWIFT_VERSION = 3.0;
				TEST_TARGET_NAME = SoundCollage;
			};
			name = Release;
		};
/* End XCBuildConfiguration section */

/* Begin XCConfigurationList section */
		A7A822EF1EA81BEC0061D0A0 /* Build configuration list for PBXProject "SoundCollage" */ = {
			isa = XCConfigurationList;
			buildConfigurations = (
				A7A8231D1EA81BEC0061D0A0 /* Debug */,
				A7A8231E1EA81BEC0061D0A0 /* Release */,
			);
			defaultConfigurationIsVisible = 0;
			defaultConfigurationName = Release;
		};
		A7A8231F1EA81BEC0061D0A0 /* Build configuration list for PBXNativeTarget "SoundCollage" */ = {
			isa = XCConfigurationList;
			buildConfigurations = (
				A7A823201EA81BEC0061D0A0 /* Debug */,
				A7A823211EA81BEC0061D0A0 /* Release */,
			);
			defaultConfigurationIsVisible = 0;
			defaultConfigurationName = Release;
		};
		A7A823221EA81BEC0061D0A0 /* Build configuration list for PBXNativeTarget "SoundCollageTests" */ = {
			isa = XCConfigurationList;
			buildConfigurations = (
				A7A823231EA81BEC0061D0A0 /* Debug */,
				A7A823241EA81BEC0061D0A0 /* Release */,
			);
			defaultConfigurationIsVisible = 0;
			defaultConfigurationName = Release;
		};
		A7A823251EA81BEC0061D0A0 /* Build configuration list for PBXNativeTarget "SoundCollageUITests" */ = {
			isa = XCConfigurationList;
			buildConfigurations = (
				A7A823261EA81BEC0061D0A0 /* Debug */,
				A7A823271EA81BEC0061D0A0 /* Release */,
			);
			defaultConfigurationIsVisible = 0;
			defaultConfigurationName = Release;
		};
/* End XCConfigurationList section */
	};
	rootObject = A7A822EC1EA81BEC0061D0A0 /* Project object */;
}
